devDependencies:
  koa: 2.7.0
  koa-compress: 3.0.0
  koa-helmet: 4.1.0
  koa-static: 5.0.0
lockfileVersion: 5
packages:
  /accepts/1.3.5:
    dependencies:
      mime-types: 2.1.23
      negotiator: 0.6.1
    dev: true
    engines:
      node: '>= 0.6'
    resolution:
      integrity: sha1-63d99gEXI6OxTopywIBcjoZ0a9I=
  /any-promise/1.3.0:
    dev: true
    resolution:
      integrity: sha1-q8av7tzqUugJzcA3au0845Y10X8=
  /bytes/3.1.0:
    dev: true
    engines:
      node: '>= 0.8'
    resolution:
      integrity: sha512-zauLjrfCG+xvoyaqLoV8bLVXXNGC4JqlxFCutSDWA6fJrTo2ZuvLYTqZ7aHBLZSMOopbzwv8f+wZcVzfVTI2Dg==
  /cache-content-type/1.0.1:
    dependencies:
      mime-types: 2.1.23
      ylru: 1.2.1
    dev: true
    engines:
      node: '>= 6.0.0'
    resolution:
      integrity: sha512-IKufZ1o4Ut42YUrZSo8+qnMTrFuKkvyoLXUywKz9GJ5BrhOFGhLdkx9sG4KAnVvbY6kEcSFjLQul+DVmBm2bgA==
  /camelize/1.0.0:
    dev: true
    resolution:
      integrity: sha1-FkpUg+Yw+kMh5a8HAg5TGDGyYJs=
  /co/4.6.0:
    dev: true
    engines:
      iojs: '>= 1.0.0'
      node: '>= 0.12.0'
    resolution:
      integrity: sha1-bqa989hTrlTMuOR7+gvz+QMfsYQ=
  /compressible/2.0.16:
    dependencies:
      mime-db: 1.39.0
    dev: true
    engines:
      node: '>= 0.6'
    resolution:
      integrity: sha512-JQfEOdnI7dASwCuSPWIeVYwc/zMsu/+tRhoUvEfXz2gxOA2DNjmG5vhtFdBlhWPPGo+RdT9S3tgc/uH5qgDiiA==
  /content-disposition/0.5.3:
    dependencies:
      safe-buffer: 5.1.2
    dev: true
    engines:
      node: '>= 0.6'
    resolution:
      integrity: sha512-ExO0774ikEObIAEV9kDo50o+79VCUdEB6n6lzKgGwupcVeRlhrj3qGAfwq8G6uBJjkqLrhT0qEYFcWng8z1z0g==
  /content-security-policy-builder/2.0.0:
    dev: true
    resolution:
      integrity: sha512-j+Nhmj1yfZAikJLImCvPJFE29x/UuBi+/MWqggGGc515JKaZrjuei2RhULJmy0MsstW3E3htl002bwmBNMKr7w==
  /content-type/1.0.4:
    dev: true
    engines:
      node: '>= 0.6'
    resolution:
      integrity: sha512-hIP3EEPs8tB9AT1L+NUqtwOAps4mk2Zob89MWXMHjHWg9milF/j4osnnQLXBCBFBk/tvIG/tUc9mOUJiPBhPXA==
  /cookies/0.7.3:
    dependencies:
      depd: 1.1.2
      keygrip: 1.0.3
    dev: true
    engines:
      node: '>= 0.8'
    resolution:
      integrity: sha512-+gixgxYSgQLTaTIilDHAdlNPZDENDQernEMiIcZpYYP14zgHsCt4Ce1FEjFtcp6GefhozebB6orvhAAWx/IS0A==
  /dasherize/2.0.0:
    dev: true
    resolution:
      integrity: sha1-bYCcnNDPe7iVLYD8hPoT1H3bEwg=
  /debug/3.1.0:
    dependencies:
      ms: 2.0.0
    dev: true
    resolution:
      integrity: sha512-OX8XqP7/1a9cqkxYw2yXss15f26NKWBpDXQd0/uK/KPqdQhxbPa994hnzjcE2VqQpDslf55723cKPUOGSmMY3g==
  /debug/3.2.6:
    dependencies:
      ms: 2.1.1
    dev: true
    resolution:
      integrity: sha512-mel+jf7nrtEl5Pn1Qx46zARXKDpBbvzezse7p7LqINmdoIk8PYP5SySaxEmYv6TZ0JyEKA1hsCId6DIhgITtWQ==
  /deep-equal/1.0.1:
    dev: true
    resolution:
      integrity: sha1-9dJgKStmDghO/0zbyfCK0yR0SLU=
  /delegates/1.0.0:
    dev: true
    resolution:
      integrity: sha1-hMbhWbgZBP3KWaDvRM2HDTElD5o=
  /depd/1.1.2:
    dev: true
    engines:
      node: '>= 0.6'
    resolution:
      integrity: sha1-m81S4UwJd2PnSbJ0xDRu0uVgtak=
  /depd/2.0.0:
    dev: true
    engines:
      node: '>= 0.8'
    resolution:
      integrity: sha512-g7nH6P6dyDioJogAAGprGpCtVImJhpPk/roCzdb3fIh61/s/nPsfR6onyMwkCAR/OlC3yBC0lESvUoQEAssIrw==
  /destroy/1.0.4:
    dev: true
    resolution:
      integrity: sha1-l4hXRCxEdJ5CBmE+N5RiBYJqvYA=
  /dns-prefetch-control/0.1.0:
    dev: true
    resolution:
      integrity: sha1-YN20V3dOF48flBXwyrsOhbCzALI=
  /dont-sniff-mimetype/1.0.0:
    dev: true
    resolution:
      integrity: sha1-WTKJDcn04vGeXrAqIAJuXl78j1g=
  /ee-first/1.1.1:
    dev: true
    resolution:
      integrity: sha1-WQxhFWsK4vTwJVcyoViyZrxWsh0=
  /error-inject/1.0.0:
    dev: true
    resolution:
      integrity: sha1-4rPZG1Su1nLzCdlQ0VSFD6EdTzc=
  /escape-html/1.0.3:
    dev: true
    resolution:
      integrity: sha1-Aljq5NPQwJdN4cFpGI7wBR0dGYg=
  /expect-ct/0.1.1:
    dev: true
    resolution:
      integrity: sha512-ngXzTfoRGG7fYens3/RMb6yYoVLvLMfmsSllP/mZPxNHgFq41TmPSLF/nLY7fwoclI2vElvAmILFWGUYqdjfCg==
  /feature-policy/0.2.0:
    dev: true
    resolution:
      integrity: sha512-2hGrlv6efG4hscYVZeaYjpzpT6I2OZgYqE2yDUzeAcKj2D1SH0AsEzqJNXzdoglEddcIXQQYop3lD97XpG75Jw==
  /frameguard/3.0.0:
    dev: true
    resolution:
      integrity: sha1-e8rUae57lukdEs6zlZx4I1qScuk=
  /fresh/0.5.2:
    dev: true
    engines:
      node: '>= 0.6'
    resolution:
      integrity: sha1-PYyt2Q2XZWn6g1qx+OSyOhBWBac=
  /helmet-crossdomain/0.3.0:
    dev: true
    engines:
      node: '>= 6'
    resolution:
      integrity: sha512-YiXhj0E35nC4Na5EPE4mTfoXMf9JTGpN4OtB4aLqShKuH9d2HNaJX5MQoglO6STVka0uMsHyG5lCut5Kzsy7Lg==
  /helmet-csp/2.7.1:
    dependencies:
      camelize: 1.0.0
      content-security-policy-builder: 2.0.0
      dasherize: 2.0.0
      platform: 1.3.5
    dev: true
    resolution:
      integrity: sha512-sCHwywg4daQ2mY0YYwXSZRsgcCeerUwxMwNixGA7aMLkVmPTYBl7gJoZDHOZyXkqPrtuDT3s2B1A+RLI7WxSdQ==
  /helmet/3.16.0:
    dependencies:
      depd: 2.0.0
      dns-prefetch-control: 0.1.0
      dont-sniff-mimetype: 1.0.0
      expect-ct: 0.1.1
      feature-policy: 0.2.0
      frameguard: 3.0.0
      helmet-crossdomain: 0.3.0
      helmet-csp: 2.7.1
      hide-powered-by: 1.0.0
      hpkp: 2.0.0
      hsts: 2.2.0
      ienoopen: 1.1.0
      nocache: 2.0.0
      referrer-policy: 1.1.0
      x-xss-protection: 1.1.0
    dev: true
    engines:
      node: '>=4.0.0'
    resolution:
      integrity: sha512-rsTKRogc5OYGlvSHuq5QsmOsOzF6uDoMqpfh+Np8r23+QxDq+SUx90Rf8HyIKQVl7H6NswZEwfcykinbAeZ6UQ==
  /hide-powered-by/1.0.0:
    dev: true
    resolution:
      integrity: sha1-SoWtZYgfYoV/xwr3F0oRhNzM4ys=
  /hpkp/2.0.0:
    dev: true
    resolution:
      integrity: sha1-EOFCJk52IVpdMMROxD3mTe5tFnI=
  /hsts/2.2.0:
    dependencies:
      depd: 2.0.0
    dev: true
    engines:
      node: '>=4.0.0'
    resolution:
      integrity: sha512-ToaTnQ2TbJkochoVcdXYm4HOCliNozlviNsg+X2XQLQvZNI/kCHR9rZxVYpJB3UPcHz80PgxRyWQ7PdU1r+VBQ==
  /http-assert/1.4.0:
    dependencies:
      deep-equal: 1.0.1
      http-errors: 1.7.2
    dev: true
    engines:
      node: '>= 0.8'
    resolution:
      integrity: sha512-tPVv62a6l3BbQoM/N5qo969l0OFxqpnQzNUPeYfTP6Spo4zkgWeDBD1D5thI7sDLg7jCCihXTLB0X8UtdyAy8A==
  /http-errors/1.6.3:
    dependencies:
      depd: 1.1.2
      inherits: 2.0.3
      setprototypeof: 1.1.0
      statuses: 1.5.0
    dev: true
    engines:
      node: '>= 0.6'
    resolution:
      integrity: sha1-i1VoC7S+KDoLW/TqLjhYC+HZMg0=
  /http-errors/1.7.2:
    dependencies:
      depd: 1.1.2
      inherits: 2.0.3
      setprototypeof: 1.1.1
      statuses: 1.5.0
      toidentifier: 1.0.0
    dev: true
    engines:
      node: '>= 0.6'
    resolution:
      integrity: sha512-uUQBt3H/cSIVfch6i1EuPNy/YsRSOUBXTVfZ+yR7Zjez3qjBz6i9+i4zjNaoqcoFVI4lQJ5plg63TvGfRSDCRg==
  /ienoopen/1.1.0:
    dev: true
    engines:
      node: '>=4.0.0'
    resolution:
      integrity: sha512-MFs36e/ca6ohEKtinTJ5VvAJ6oDRAYFdYXweUnGY9L9vcoqFOU4n2ZhmJ0C4z/cwGZ3YIQRSB3XZ1+ghZkY5NQ==
  /inherits/2.0.3:
    dev: true
    resolution:
      integrity: sha1-Yzwsg+PaQqUC9SRmAiSA9CCCYd4=
  /is-generator-function/1.0.7:
    dev: true
    engines:
      node: '>= 0.4'
    resolution:
      integrity: sha512-YZc5EwyO4f2kWCax7oegfuSr9mFz1ZvieNYBEjmukLxgXfBUbxAWGVF7GZf0zidYtoBl3WvC07YK0wT76a+Rtw==
  /keygrip/1.0.3:
    dev: true
    engines:
      node: '>= 0.6'
    resolution:
      integrity: sha512-/PpesirAIfaklxUzp4Yb7xBper9MwP6hNRA6BGGUFCgbJ+BM5CKBtsoxinNXkLHAr+GXS1/lSlF2rP7cv5Fl+g==
  /koa-compose/3.2.1:
    dependencies:
      any-promise: 1.3.0
    dev: true
    resolution:
      integrity: sha1-qFzLQLfZhtjlo0Wzoazo6rz1Tec=
  /koa-compose/4.1.0:
    dev: true
    resolution:
      integrity: sha512-8ODW8TrDuMYvXRwra/Kh7/rJo9BtOfPc6qO8eAfC80CnCvSjSl0bkRM24X6/XBBEyj0v1nRUQ1LyOy3dbqOWXw==
  /koa-compress/3.0.0:
    dependencies:
      bytes: 3.1.0
      compressible: 2.0.16
      koa-is-json: 1.0.0
      statuses: 1.5.0
    dev: true
    resolution:
      integrity: sha512-xol+LkNB1mozKJkB5Kj6nYXbJXhkLkZlXl9BsGBPjujVfZ8MsIXwU4GHRTT7TlSfUcl2DU3JtC+j6wOWcovfuQ==
  /koa-convert/1.2.0:
    dependencies:
      co: 4.6.0
      koa-compose: 3.2.1
    dev: true
    engines:
      node: '>= 4'
    resolution:
      integrity: sha1-2kCHXfSd4FOQmNFwC1CCDOvNIdA=
  /koa-helmet/4.1.0:
    dependencies:
      helmet: 3.16.0
    dev: true
    engines:
      node: '>= 6.0.0'
    resolution:
      integrity: sha512-a/aVORiFf9LAa19iRLBixzYGd3EpHIA/Awnxg4suKuHlm2sdQJNH2MAvwNktF6W4RHtPCIOqH6rx91++QYpUVw==
  /koa-is-json/1.0.0:
    dev: true
    resolution:
      integrity: sha1-JzwH7c3Ljfaiwat9We52SRRR7BQ=
  /koa-send/5.0.0:
    dependencies:
      debug: 3.2.6
      http-errors: 1.7.2
      mz: 2.7.0
      resolve-path: 1.4.0
    dev: true
    engines:
      node: '>= 7.6.0'
    resolution:
      integrity: sha512-90ZotV7t0p3uN9sRwW2D484rAaKIsD8tAVtypw/aBU+ryfV+fR2xrcAwhI8Wl6WRkojLUs/cB9SBSCuIb+IanQ==
  /koa-static/5.0.0:
    dependencies:
      debug: 3.2.6
      koa-send: 5.0.0
    dev: true
    engines:
      node: '>= 7.6.0'
    resolution:
      integrity: sha512-UqyYyH5YEXaJrf9S8E23GoJFQZXkBVJ9zYYMPGz919MSX1KuvAcycIuS0ci150HCoPf4XQVhQ84Qf8xRPWxFaQ==
  /koa/2.7.0:
    dependencies:
      accepts: 1.3.5
      cache-content-type: 1.0.1
      content-disposition: 0.5.3
      content-type: 1.0.4
      cookies: 0.7.3
      debug: 3.1.0
      delegates: 1.0.0
      depd: 1.1.2
      destroy: 1.0.4
      error-inject: 1.0.0
      escape-html: 1.0.3
      fresh: 0.5.2
      http-assert: 1.4.0
      http-errors: 1.7.2
      is-generator-function: 1.0.7
      koa-compose: 4.1.0
      koa-convert: 1.2.0
      koa-is-json: 1.0.0
      on-finished: 2.3.0
      only: 0.0.2
      parseurl: 1.3.3
      statuses: 1.5.0
      type-is: 1.6.16
      vary: 1.1.2
    dev: true
    engines:
      node: ^4.8.4 || ^6.10.1 || ^7.10.1 || >= 8.1.4
    resolution:
      integrity: sha512-7ojD05s2Q+hFudF8tDLZ1CpCdVZw8JQELWSkcfG9bdtoTDzMmkRF6BQBU7JzIzCCOY3xd3tftiy/loHBUYaY2Q==
  /media-typer/0.3.0:
    dev: true
    engines:
      node: '>= 0.6'
    resolution:
      integrity: sha1-hxDXrwqmJvj/+hzgAWhUUmMlV0g=
  /mime-db/1.39.0:
    dev: true
    engines:
      node: '>= 0.6'
    resolution:
      integrity: sha512-DTsrw/iWVvwHH+9Otxccdyy0Tgiil6TWK/xhfARJZF/QFhwOgZgOIvA2/VIGpM8U7Q8z5nDmdDWC6tuVMJNibw==
  /mime-types/2.1.23:
    dependencies:
      mime-db: 1.39.0
    dev: true
    engines:
      node: '>= 0.6'
    resolution:
      integrity: sha512-ROk/m+gMVSrRxTkMlaQOvFmFmYDc7sZgrjjM76abqmd2Cc5fCV7jAMA5XUccEtJ3cYiYdgixUVI+fApc2LkXlw==
  /ms/2.0.0:
    dev: true
    resolution:
      integrity: sha1-VgiurfwAvmwpAd9fmGF4jeDVl8g=
  /ms/2.1.1:
    dev: true
    resolution:
      integrity: sha512-tgp+dl5cGk28utYktBsrFqA7HKgrhgPsg6Z/EfhWI4gl1Hwq8B/GmY/0oXZ6nF8hDVesS/FpnYaD/kOWhYQvyg==
  /mz/2.7.0:
    dependencies:
      any-promise: 1.3.0
      object-assign: 4.1.1
      thenify-all: 1.6.0
    dev: true
    resolution:
      integrity: sha512-z81GNO7nnYMEhrGh9LeymoE4+Yr0Wn5McHIZMK5cfQCl+NDX08sCZgUc9/6MHni9IWuFLm1Z3HTCXu2z9fN62Q==
  /negotiator/0.6.1:
    dev: true
    engines:
      node: '>= 0.6'
    resolution:
      integrity: sha1-KzJxhOiZIQEXeyhWP7XnECrNDKk=
  /nocache/2.0.0:
    dev: true
    resolution:
      integrity: sha1-ICtIAhoMTL3i34DeFaF0Q8i0OYA=
  /object-assign/4.1.1:
    dev: true
    engines:
      node: '>=0.10.0'
    resolution:
      integrity: sha1-IQmtx5ZYh8/AXLvUQsrIv7s2CGM=
  /on-finished/2.3.0:
    dependencies:
      ee-first: 1.1.1
    dev: true
    engines:
      node: '>= 0.8'
    resolution:
      integrity: sha1-IPEzZIGwg811M3mSoWlxqi2QaUc=
  /only/0.0.2:
    dev: true
    resolution:
      integrity: sha1-Kv3oTQPlC5qO3EROMGEKcCle37Q=
  /parseurl/1.3.3:
    dev: true
    engines:
      node: '>= 0.8'
    resolution:
      integrity: sha512-CiyeOxFT/JZyN5m0z9PfXw4SCBJ6Sygz1Dpl0wqjlhDEGGBP1GnsUVEL0p63hoG1fcj3fHynXi9NYO4nWOL+qQ==
  /path-is-absolute/1.0.1:
    dev: true
    engines:
      node: '>=0.10.0'
    resolution:
      integrity: sha1-F0uSaHNVNP+8es5r9TpanhtcX18=
  /platform/1.3.5:
    dev: true
    resolution:
      integrity: sha512-TuvHS8AOIZNAlE77WUDiR4rySV/VMptyMfcfeoMgs4P8apaZM3JrnbzBiixKUv+XR6i+BXrQh8WAnjaSPFO65Q==
  /referrer-policy/1.1.0:
    dev: true
    resolution:
      integrity: sha1-NXdOtzW/UPtsB46DM0tHI1AgfXk=
  /resolve-path/1.4.0:
    dependencies:
      http-errors: 1.6.3
      path-is-absolute: 1.0.1
    dev: true
    engines:
      node: '>= 0.8'
    resolution:
      integrity: sha1-xL2p9e+y/OZSR4c6s2u02DT+Fvc=
  /safe-buffer/5.1.2:
    dev: true
    resolution:
      integrity: sha512-Gd2UZBJDkXlY7GbJxfsE8/nvKkUEU1G38c1siN6QP6a9PT9MmHB8GnpscSmMJSoF8LOIrt8ud/wPtojys4G6+g==
  /setprototypeof/1.1.0:
    dev: true
    resolution:
      integrity: sha512-BvE/TwpZX4FXExxOxZyRGQQv651MSwmWKZGqvmPcRIjDqWub67kTKuIMx43cZZrS/cBBzwBcNDWoFxt2XEFIpQ==
  /setprototypeof/1.1.1:
    dev: true
    resolution:
      integrity: sha512-JvdAWfbXeIGaZ9cILp38HntZSFSo3mWg6xGcJJsd+d4aRMOqauag1C63dJfDw7OaMYwEbHMOxEZ1lqVRYP2OAw==
  /statuses/1.5.0:
    dev: true
    engines:
      node: '>= 0.6'
    resolution:
      integrity: sha1-Fhx9rBd2Wf2YEfQ3cfqZOBR4Yow=
  /thenify-all/1.6.0:
    dependencies:
      thenify: 3.3.0
    dev: true
    engines:
      node: '>=0.8'
    resolution:
      integrity: sha1-GhkY1ALY/D+Y+/I02wvMjMEOlyY=
  /thenify/3.3.0:
    dependencies:
      any-promise: 1.3.0
    dev: true
    resolution:
      integrity: sha1-5p44obq+lpsBCCB5eLn2K4hgSDk=
  /toidentifier/1.0.0:
    dev: true
    engines:
      node: '>=0.6'
    resolution:
      integrity: sha512-yaOH/Pk/VEhBWWTlhI+qXxDFXlejDGcQipMlyxda9nthulaxLZUNcUqFxokp0vcYnvteJln5FNQDRrxj3YcbVw==
  /type-is/1.6.16:
    dependencies:
      media-typer: 0.3.0
      mime-types: 2.1.23
    dev: true
    engines:
      node: '>= 0.6'
    resolution:
      integrity: sha512-HRkVv/5qY2G6I8iab9cI7v1bOIdhm94dVjQCPFElW9W+3GeDOSHmy2EBYe4VTApuzolPcmgFTN3ftVJRKR2J9Q==
  /vary/1.1.2:
    dev: true
    engines:
      node: '>= 0.8'
    resolution:
      integrity: sha1-IpnwLG3tMNSllhsLn3RSShj2NPw=
  /x-xss-protection/1.1.0:
    dev: true
    resolution:
      integrity: sha512-rx3GzJlgEeZ08MIcDsU2vY2B1QEriUKJTSiNHHUIem6eg9pzVOr2TL3Y4Pd6TMAM5D5azGjcxqI62piITBDHVg==
  /ylru/1.2.1:
    dev: true
    engines:
      node: '>= 4.0.0'
    resolution:
      integrity: sha512-faQrqNMzcPCHGVC2aaOINk13K+aaBDUPjGWl0teOXywElLjyVAB6Oe2jj62jHYtwsU49jXhScYbvPENK+6zAvQ==
specifiers:
  koa: ^2.7.0
  koa-compress: ^3.0.0
  koa-helmet: ^4.1.0
  koa-static: ^5.0.0
